// !$*UTF8*$!
{
	archiveVersion = 1;
	classes = {
	};
	objectVersion = 46;
	objects = {

/* Begin PBXBuildFile section */
		9B3936871AE51AF200DF4B9C /* StageOneController.m in Sources */ = {isa = PBXBuildFile; fileRef = 9B3936861AE51AF200DF4B9C /* StageOneController.m */; };
		9B39368B1AE51B0200DF4B9C /* StageTwoController.m in Sources */ = {isa = PBXBuildFile; fileRef = 9B3936891AE51B0200DF4B9C /* StageTwoController.m */; };
		9B3936901AE51B1200DF4B9C /* PrefsController.m in Sources */ = {isa = PBXBuildFile; fileRef = 9B39368E1AE51B1200DF4B9C /* PrefsController.m */; };
		9B4501871AE797FF00AB5ABD /* libcurl.dylib in Frameworks */ = {isa = PBXBuildFile; fileRef = 9B4501861AE797FF00AB5ABD /* libcurl.dylib */; };
		9B45018A1AE798A800AB5ABD /* VSGlobalMetadata.m in Sources */ = {isa = PBXBuildFile; fileRef = 9B4501891AE798A800AB5ABD /* VSGlobalMetadata.m */; };
		9BA3FAD51AFA758200BF595C /* ProgressWindowController.m in Sources */ = {isa = PBXBuildFile; fileRef = 9BA3FAD41AFA758200BF595C /* ProgressWindowController.m */; };
		9BB4C5A71AE515D400BB091C /* AppDelegate.m in Sources */ = {isa = PBXBuildFile; fileRef = 9BB4C5A61AE515D400BB091C /* AppDelegate.m */; };
		9BB4C5A91AE515D400BB091C /* main.m in Sources */ = {isa = PBXBuildFile; fileRef = 9BB4C5A81AE515D400BB091C /* main.m */; };
		9BB4C5AB1AE515D400BB091C /* Images.xcassets in Resources */ = {isa = PBXBuildFile; fileRef = 9BB4C5AA1AE515D400BB091C /* Images.xcassets */; };
		9BB4C5AE1AE515D400BB091C /* MainMenu.xib in Resources */ = {isa = PBXBuildFile; fileRef = 9BB4C5AC1AE515D400BB091C /* MainMenu.xib */; };
		9BB4C5BA1AE515D400BB091C /* PlutoProjectCreatorTests.m in Sources */ = {isa = PBXBuildFile; fileRef = 9BB4C5B91AE515D400BB091C /* PlutoProjectCreatorTests.m */; };
		9BE6E1681AE53A2B00683918 /* VidispineBase.m in Sources */ = {isa = PBXBuildFile; fileRef = 9BE6E1611AE53A2B00683918 /* VidispineBase.m */; };
		9BE6E1691AE53A2B00683918 /* VSItem.m in Sources */ = {isa = PBXBuildFile; fileRef = 9BE6E1631AE53A2B00683918 /* VSItem.m */; };
		9BE6E16A1AE53A2B00683918 /* VSSearch.m in Sources */ = {isa = PBXBuildFile; fileRef = 9BE6E1651AE53A2B00683918 /* VSSearch.m */; };
		9BE6E16B1AE53A2B00683918 /* VSSearchXMLParser.m in Sources */ = {isa = PBXBuildFile; fileRef = 9BE6E1671AE53A2B00683918 /* VSSearchXMLParser.m */; };
		9BE84B6C1AF112640010F069 /* SubgroupValueTransformer.m in Sources */ = {isa = PBXBuildFile; fileRef = 9BE84B6B1AF112640010F069 /* SubgroupValueTransformer.m */; };
		9BF1CC431AF370B100DE1CCC /* R2TagTokenDelegate.m in Sources */ = {isa = PBXBuildFile; fileRef = 9BF1CC421AF370B100DE1CCC /* R2TagTokenDelegate.m */; };
		9BF1CC471AF371DE00DE1CCC /* PlutoTags.m in Sources */ = {isa = PBXBuildFile; fileRef = 9BF1CC461AF371DE00DE1CCC /* PlutoTags.m */; };
		9BF7414F1AE5163F009157CB /* BrowserDelegate.m in Sources */ = {isa = PBXBuildFile; fileRef = 9BF7414E1AE5163F009157CB /* BrowserDelegate.m */; };
/* End PBXBuildFile section */

/* Begin PBXContainerItemProxy section */
		9BB4C5B41AE515D400BB091C /* PBXContainerItemProxy */ = {
			isa = PBXContainerItemProxy;
			containerPortal = 9BB4C5981AE515D400BB091C /* Project object */;
			proxyType = 1;
			remoteGlobalIDString = 9BB4C59F1AE515D400BB091C;
			remoteInfo = PlutoProjectCreator;
		};
/* End PBXContainerItemProxy section */

/* Begin PBXFileReference section */
		9B3936851AE51AF200DF4B9C /* StageOneController.h */ = {isa = PBXFileReference; fileEncoding = 4; lastKnownFileType = sourcecode.c.h; path = StageOneController.h; sourceTree = "<group>"; };
		9B3936861AE51AF200DF4B9C /* StageOneController.m */ = {isa = PBXFileReference; fileEncoding = 4; lastKnownFileType = sourcecode.c.objc; path = StageOneController.m; sourceTree = "<group>"; };
		9B3936881AE51B0200DF4B9C /* StageTwoController.h */ = {isa = PBXFileReference; fileEncoding = 4; lastKnownFileType = sourcecode.c.h; path = StageTwoController.h; sourceTree = "<group>"; };
		9B3936891AE51B0200DF4B9C /* StageTwoController.m */ = {isa = PBXFileReference; fileEncoding = 4; lastKnownFileType = sourcecode.c.objc; path = StageTwoController.m; sourceTree = "<group>"; };
		9B39368D1AE51B1200DF4B9C /* PrefsController.h */ = {isa = PBXFileReference; fileEncoding = 4; lastKnownFileType = sourcecode.c.h; path = PrefsController.h; sourceTree = "<group>"; };
		9B39368E1AE51B1200DF4B9C /* PrefsController.m */ = {isa = PBXFileReference; fileEncoding = 4; lastKnownFileType = sourcecode.c.objc; path = PrefsController.m; sourceTree = "<group>"; };
		9B4501861AE797FF00AB5ABD /* libcurl.dylib */ = {isa = PBXFileReference; lastKnownFileType = "compiled.mach-o.dylib"; name = libcurl.dylib; path = usr/lib/libcurl.dylib; sourceTree = SDKROOT; };
		9B4501881AE798A800AB5ABD /* VSGlobalMetadata.h */ = {isa = PBXFileReference; fileEncoding = 4; lastKnownFileType = sourcecode.c.h; path = VSGlobalMetadata.h; sourceTree = "<group>"; };
		9B4501891AE798A800AB5ABD /* VSGlobalMetadata.m */ = {isa = PBXFileReference; fileEncoding = 4; lastKnownFileType = sourcecode.c.objc; path = VSGlobalMetadata.m; sourceTree = "<group>"; };
		9BA3FAD31AFA758200BF595C /* ProgressWindowController.h */ = {isa = PBXFileReference; fileEncoding = 4; lastKnownFileType = sourcecode.c.h; path = ProgressWindowController.h; sourceTree = "<group>"; };
		9BA3FAD41AFA758200BF595C /* ProgressWindowController.m */ = {isa = PBXFileReference; fileEncoding = 4; lastKnownFileType = sourcecode.c.objc; path = ProgressWindowController.m; sourceTree = "<group>"; };
		9BB4C5A01AE515D400BB091C /* PlutoProjectCreator.app */ = {isa = PBXFileReference; explicitFileType = wrapper.application; includeInIndex = 0; path = PlutoProjectCreator.app; sourceTree = BUILT_PRODUCTS_DIR; };
		9BB4C5A41AE515D400BB091C /* Info.plist */ = {isa = PBXFileReference; lastKnownFileType = text.plist.xml; path = Info.plist; sourceTree = "<group>"; };
		9BB4C5A51AE515D400BB091C /* AppDelegate.h */ = {isa = PBXFileReference; lastKnownFileType = sourcecode.c.h; path = AppDelegate.h; sourceTree = "<group>"; };
		9BB4C5A61AE515D400BB091C /* AppDelegate.m */ = {isa = PBXFileReference; lastKnownFileType = sourcecode.c.objc; path = AppDelegate.m; sourceTree = "<group>"; };
		9BB4C5A81AE515D400BB091C /* main.m */ = {isa = PBXFileReference; lastKnownFileType = sourcecode.c.objc; path = main.m; sourceTree = "<group>"; };
		9BB4C5AA1AE515D400BB091C /* Images.xcassets */ = {isa = PBXFileReference; lastKnownFileType = folder.assetcatalog; path = Images.xcassets; sourceTree = "<group>"; };
		9BB4C5AD1AE515D400BB091C /* Base */ = {isa = PBXFileReference; lastKnownFileType = file.xib; name = Base; path = Base.lproj/MainMenu.xib; sourceTree = "<group>"; };
		9BB4C5B31AE515D400BB091C /* PlutoProjectCreatorTests.xctest */ = {isa = PBXFileReference; explicitFileType = wrapper.cfbundle; includeInIndex = 0; path = PlutoProjectCreatorTests.xctest; sourceTree = BUILT_PRODUCTS_DIR; };
		9BB4C5B81AE515D400BB091C /* Info.plist */ = {isa = PBXFileReference; lastKnownFileType = text.plist.xml; path = Info.plist; sourceTree = "<group>"; };
		9BB4C5B91AE515D400BB091C /* PlutoProjectCreatorTests.m */ = {isa = PBXFileReference; lastKnownFileType = sourcecode.c.objc; path = PlutoProjectCreatorTests.m; sourceTree = "<group>"; };
		9BE6E1601AE53A2B00683918 /* VidispineBase.h */ = {isa = PBXFileReference; fileEncoding = 4; lastKnownFileType = sourcecode.c.h; path = VidispineBase.h; sourceTree = "<group>"; };
		9BE6E1611AE53A2B00683918 /* VidispineBase.m */ = {isa = PBXFileReference; fileEncoding = 4; lastKnownFileType = sourcecode.c.objc; path = VidispineBase.m; sourceTree = "<group>"; };
		9BE6E1621AE53A2B00683918 /* VSItem.h */ = {isa = PBXFileReference; fileEncoding = 4; lastKnownFileType = sourcecode.c.h; path = VSItem.h; sourceTree = "<group>"; };
		9BE6E1631AE53A2B00683918 /* VSItem.m */ = {isa = PBXFileReference; fileEncoding = 4; lastKnownFileType = sourcecode.c.objc; path = VSItem.m; sourceTree = "<group>"; };
		9BE6E1641AE53A2B00683918 /* VSSearch.h */ = {isa = PBXFileReference; fileEncoding = 4; lastKnownFileType = sourcecode.c.h; path = VSSearch.h; sourceTree = "<group>"; };
		9BE6E1651AE53A2B00683918 /* VSSearch.m */ = {isa = PBXFileReference; fileEncoding = 4; lastKnownFileType = sourcecode.c.objc; path = VSSearch.m; sourceTree = "<group>"; };
		9BE6E1661AE53A2B00683918 /* VSSearchXMLParser.h */ = {isa = PBXFileReference; fileEncoding = 4; lastKnownFileType = sourcecode.c.h; path = VSSearchXMLParser.h; sourceTree = "<group>"; };
		9BE6E1671AE53A2B00683918 /* VSSearchXMLParser.m */ = {isa = PBXFileReference; fileEncoding = 4; lastKnownFileType = sourcecode.c.objc; path = VSSearchXMLParser.m; sourceTree = "<group>"; };
		9BE84B6A1AF112640010F069 /* SubgroupValueTransformer.h */ = {isa = PBXFileReference; fileEncoding = 4; lastKnownFileType = sourcecode.c.h; path = SubgroupValueTransformer.h; sourceTree = "<group>"; };
		9BE84B6B1AF112640010F069 /* SubgroupValueTransformer.m */ = {isa = PBXFileReference; fileEncoding = 4; lastKnownFileType = sourcecode.c.objc; path = SubgroupValueTransformer.m; sourceTree = "<group>"; };
		9BF1CC411AF370B100DE1CCC /* R2TagTokenDelegate.h */ = {isa = PBXFileReference; fileEncoding = 4; lastKnownFileType = sourcecode.c.h; path = R2TagTokenDelegate.h; sourceTree = "<group>"; };
		9BF1CC421AF370B100DE1CCC /* R2TagTokenDelegate.m */ = {isa = PBXFileReference; fileEncoding = 4; lastKnownFileType = sourcecode.c.objc; path = R2TagTokenDelegate.m; sourceTree = "<group>"; };
		9BF1CC451AF371DE00DE1CCC /* PlutoTags.h */ = {isa = PBXFileReference; fileEncoding = 4; lastKnownFileType = sourcecode.c.h; path = PlutoTags.h; sourceTree = "<group>"; };
		9BF1CC461AF371DE00DE1CCC /* PlutoTags.m */ = {isa = PBXFileReference; fileEncoding = 4; lastKnownFileType = sourcecode.c.objc; path = PlutoTags.m; sourceTree = "<group>"; };
		9BF7414D1AE5163F009157CB /* BrowserDelegate.h */ = {isa = PBXFileReference; fileEncoding = 4; lastKnownFileType = sourcecode.c.h; path = BrowserDelegate.h; sourceTree = "<group>"; };
		9BF7414E1AE5163F009157CB /* BrowserDelegate.m */ = {isa = PBXFileReference; fileEncoding = 4; lastKnownFileType = sourcecode.c.objc; path = BrowserDelegate.m; sourceTree = "<group>"; };
/* End PBXFileReference section */

/* Begin PBXFrameworksBuildPhase section */
		9BB4C59D1AE515D400BB091C /* Frameworks */ = {
			isa = PBXFrameworksBuildPhase;
			buildActionMask = 2147483647;
			files = (
				9B4501871AE797FF00AB5ABD /* libcurl.dylib in Frameworks */,
			);
			runOnlyForDeploymentPostprocessing = 0;
		};
		9BB4C5B01AE515D400BB091C /* Frameworks */ = {
			isa = PBXFrameworksBuildPhase;
			buildActionMask = 2147483647;
			files = (
			);
			runOnlyForDeploymentPostprocessing = 0;
		};
/* End PBXFrameworksBuildPhase section */

/* Begin PBXGroup section */
		9B3936921AE51B1900DF4B9C /* MainUI */ = {
			isa = PBXGroup;
			children = (
				9BA3FAD31AFA758200BF595C /* ProgressWindowController.h */,
				9BA3FAD41AFA758200BF595C /* ProgressWindowController.m */,
				9BE84B6A1AF112640010F069 /* SubgroupValueTransformer.h */,
				9BE84B6B1AF112640010F069 /* SubgroupValueTransformer.m */,
				9BF7414D1AE5163F009157CB /* BrowserDelegate.h */,
				9BF7414E1AE5163F009157CB /* BrowserDelegate.m */,
				9B3936851AE51AF200DF4B9C /* StageOneController.h */,
				9B3936861AE51AF200DF4B9C /* StageOneController.m */,
				9B3936881AE51B0200DF4B9C /* StageTwoController.h */,
				9B3936891AE51B0200DF4B9C /* StageTwoController.m */,
				9BF1CC411AF370B100DE1CCC /* R2TagTokenDelegate.h */,
				9BF1CC421AF370B100DE1CCC /* R2TagTokenDelegate.m */,
			);
			name = MainUI;
			sourceTree = "<group>";
		};
		9B3936931AE51B4200DF4B9C /* PrefsUI */ = {
			isa = PBXGroup;
			children = (
				9B39368D1AE51B1200DF4B9C /* PrefsController.h */,
				9B39368E1AE51B1200DF4B9C /* PrefsController.m */,
			);
			name = PrefsUI;
			sourceTree = "<group>";
		};
		9BB4C5971AE515D400BB091C = {
			isa = PBXGroup;
			children = (
				9B4501861AE797FF00AB5ABD /* libcurl.dylib */,
				9BB4C5A21AE515D400BB091C /* PlutoProjectCreator */,
				9BB4C5B61AE515D400BB091C /* PlutoProjectCreatorTests */,
				9BB4C5A11AE515D400BB091C /* Products */,
			);
			sourceTree = "<group>";
		};
		9BB4C5A11AE515D400BB091C /* Products */ = {
			isa = PBXGroup;
			children = (
				9BB4C5A01AE515D400BB091C /* PlutoProjectCreator.app */,
				9BB4C5B31AE515D400BB091C /* PlutoProjectCreatorTests.xctest */,
			);
			name = Products;
			sourceTree = "<group>";
		};
		9BB4C5A21AE515D400BB091C /* PlutoProjectCreator */ = {
			isa = PBXGroup;
			children = (
				9BF1CC441AF371D000DE1CCC /* Pluto */,
				9BE6E15F1AE53A2B00683918 /* Vidispine */,
				9B3936931AE51B4200DF4B9C /* PrefsUI */,
				9B3936921AE51B1900DF4B9C /* MainUI */,
				9BB4C5A51AE515D400BB091C /* AppDelegate.h */,
				9BB4C5A61AE515D400BB091C /* AppDelegate.m */,
				9BB4C5AA1AE515D400BB091C /* Images.xcassets */,
				9BB4C5AC1AE515D400BB091C /* MainMenu.xib */,
				9BB4C5A31AE515D400BB091C /* Supporting Files */,
			);
			path = PlutoProjectCreator;
			sourceTree = "<group>";
		};
		9BB4C5A31AE515D400BB091C /* Supporting Files */ = {
			isa = PBXGroup;
			children = (
				9BB4C5A41AE515D400BB091C /* Info.plist */,
				9BB4C5A81AE515D400BB091C /* main.m */,
			);
			name = "Supporting Files";
			sourceTree = "<group>";
		};
		9BB4C5B61AE515D400BB091C /* PlutoProjectCreatorTests */ = {
			isa = PBXGroup;
			children = (
				9BB4C5B91AE515D400BB091C /* PlutoProjectCreatorTests.m */,
				9BB4C5B71AE515D400BB091C /* Supporting Files */,
			);
			path = PlutoProjectCreatorTests;
			sourceTree = "<group>";
		};
		9BB4C5B71AE515D400BB091C /* Supporting Files */ = {
			isa = PBXGroup;
			children = (
				9BB4C5B81AE515D400BB091C /* Info.plist */,
			);
			name = "Supporting Files";
			sourceTree = "<group>";
		};
		9BE6E15F1AE53A2B00683918 /* Vidispine */ = {
			isa = PBXGroup;
			children = (
				9BE6E1601AE53A2B00683918 /* VidispineBase.h */,
				9BE6E1611AE53A2B00683918 /* VidispineBase.m */,
				9BE6E1621AE53A2B00683918 /* VSItem.h */,
				9BE6E1631AE53A2B00683918 /* VSItem.m */,
				9BE6E1641AE53A2B00683918 /* VSSearch.h */,
				9BE6E1651AE53A2B00683918 /* VSSearch.m */,
				9B4501881AE798A800AB5ABD /* VSGlobalMetadata.h */,
				9B4501891AE798A800AB5ABD /* VSGlobalMetadata.m */,
				9BE6E1661AE53A2B00683918 /* VSSearchXMLParser.h */,
				9BE6E1671AE53A2B00683918 /* VSSearchXMLParser.m */,
			);
			path = Vidispine;
			sourceTree = "<group>";
		};
		9BF1CC441AF371D000DE1CCC /* Pluto */ = {
			isa = PBXGroup;
			children = (
				9BF1CC451AF371DE00DE1CCC /* PlutoTags.h */,
				9BF1CC461AF371DE00DE1CCC /* PlutoTags.m */,
			);
			name = Pluto;
			sourceTree = "<group>";
		};
/* End PBXGroup section */

/* Begin PBXNativeTarget section */
		9BB4C59F1AE515D400BB091C /* PlutoProjectCreator */ = {
			isa = PBXNativeTarget;
			buildConfigurationList = 9BB4C5BD1AE515D400BB091C /* Build configuration list for PBXNativeTarget "PlutoProjectCreator" */;
			buildPhases = (
				9BB4C59C1AE515D400BB091C /* Sources */,
				9BB4C59D1AE515D400BB091C /* Frameworks */,
				9BB4C59E1AE515D400BB091C /* Resources */,
			);
			buildRules = (
			);
			dependencies = (
			);
			name = PlutoProjectCreator;
			productName = PlutoProjectCreator;
			productReference = 9BB4C5A01AE515D400BB091C /* PlutoProjectCreator.app */;
			productType = "com.apple.product-type.application";
		};
		9BB4C5B21AE515D400BB091C /* PlutoProjectCreatorTests */ = {
			isa = PBXNativeTarget;
			buildConfigurationList = 9BB4C5C01AE515D400BB091C /* Build configuration list for PBXNativeTarget "PlutoProjectCreatorTests" */;
			buildPhases = (
				9BB4C5AF1AE515D400BB091C /* Sources */,
				9BB4C5B01AE515D400BB091C /* Frameworks */,
				9BB4C5B11AE515D400BB091C /* Resources */,
			);
			buildRules = (
			);
			dependencies = (
				9BB4C5B51AE515D400BB091C /* PBXTargetDependency */,
			);
			name = PlutoProjectCreatorTests;
			productName = PlutoProjectCreatorTests;
			productReference = 9BB4C5B31AE515D400BB091C /* PlutoProjectCreatorTests.xctest */;
			productType = "com.apple.product-type.bundle.unit-test";
		};
/* End PBXNativeTarget section */

/* Begin PBXProject section */
		9BB4C5981AE515D400BB091C /* Project object */ = {
			isa = PBXProject;
			attributes = {
				LastUpgradeCheck = 0620;
				ORGANIZATIONNAME = "Guardian News & Media";
				TargetAttributes = {
					9BB4C59F1AE515D400BB091C = {
						CreatedOnToolsVersion = 6.2;
					};
					9BB4C5B21AE515D400BB091C = {
						CreatedOnToolsVersion = 6.2;
						TestTargetID = 9BB4C59F1AE515D400BB091C;
					};
				};
			};
			buildConfigurationList = 9BB4C59B1AE515D400BB091C /* Build configuration list for PBXProject "PlutoProjectCreator" */;
			compatibilityVersion = "Xcode 3.2";
			developmentRegion = English;
			hasScannedForEncodings = 0;
			knownRegions = (
				en,
				Base,
			);
			mainGroup = 9BB4C5971AE515D400BB091C;
			productRefGroup = 9BB4C5A11AE515D400BB091C /* Products */;
			projectDirPath = "";
			projectRoot = "";
			targets = (
				9BB4C59F1AE515D400BB091C /* PlutoProjectCreator */,
				9BB4C5B21AE515D400BB091C /* PlutoProjectCreatorTests */,
			);
		};
/* End PBXProject section */

/* Begin PBXResourcesBuildPhase section */
		9BB4C59E1AE515D400BB091C /* Resources */ = {
			isa = PBXResourcesBuildPhase;
			buildActionMask = 2147483647;
			files = (
				9BB4C5AB1AE515D400BB091C /* Images.xcassets in Resources */,
				9BB4C5AE1AE515D400BB091C /* MainMenu.xib in Resources */,
			);
			runOnlyForDeploymentPostprocessing = 0;
		};
		9BB4C5B11AE515D400BB091C /* Resources */ = {
			isa = PBXResourcesBuildPhase;
			buildActionMask = 2147483647;
			files = (
			);
			runOnlyForDeploymentPostprocessing = 0;
		};
/* End PBXResourcesBuildPhase section */

/* Begin PBXSourcesBuildPhase section */
		9BB4C59C1AE515D400BB091C /* Sources */ = {
			isa = PBXSourcesBuildPhase;
			buildActionMask = 2147483647;
			files = (
				9BE84B6C1AF112640010F069 /* SubgroupValueTransformer.m in Sources */,
				9BB4C5A91AE515D400BB091C /* main.m in Sources */,
				9BE6E1681AE53A2B00683918 /* VidispineBase.m in Sources */,
				9B3936871AE51AF200DF4B9C /* StageOneController.m in Sources */,
				9BF1CC431AF370B100DE1CCC /* R2TagTokenDelegate.m in Sources */,
				9BE6E1691AE53A2B00683918 /* VSItem.m in Sources */,
				9B3936901AE51B1200DF4B9C /* PrefsController.m in Sources */,
				9BF1CC471AF371DE00DE1CCC /* PlutoTags.m in Sources */,
				9BE6E16B1AE53A2B00683918 /* VSSearchXMLParser.m in Sources */,
				9BB4C5A71AE515D400BB091C /* AppDelegate.m in Sources */,
				9BF7414F1AE5163F009157CB /* BrowserDelegate.m in Sources */,
				9B39368B1AE51B0200DF4B9C /* StageTwoController.m in Sources */,
				9BE6E16A1AE53A2B00683918 /* VSSearch.m in Sources */,
				9B45018A1AE798A800AB5ABD /* VSGlobalMetadata.m in Sources */,
				9BA3FAD51AFA758200BF595C /* ProgressWindowController.m in Sources */,
			);
			runOnlyForDeploymentPostprocessing = 0;
		};
		9BB4C5AF1AE515D400BB091C /* Sources */ = {
			isa = PBXSourcesBuildPhase;
			buildActionMask = 2147483647;
			files = (
				9BB4C5BA1AE515D400BB091C /* PlutoProjectCreatorTests.m in Sources */,
			);
			runOnlyForDeploymentPostprocessing = 0;
		};
/* End PBXSourcesBuildPhase section */

/* Begin PBXTargetDependency section */
		9BB4C5B51AE515D400BB091C /* PBXTargetDependency */ = {
			isa = PBXTargetDependency;
			target = 9BB4C59F1AE515D400BB091C /* PlutoProjectCreator */;
			targetProxy = 9BB4C5B41AE515D400BB091C /* PBXContainerItemProxy */;
		};
/* End PBXTargetDependency section */

/* Begin PBXVariantGroup section */
		9BB4C5AC1AE515D400BB091C /* MainMenu.xib */ = {
			isa = PBXVariantGroup;
			children = (
				9BB4C5AD1AE515D400BB091C /* Base */,
			);
			name = MainMenu.xib;
			sourceTree = "<group>";
		};
/* End PBXVariantGroup section */

/* Begin XCBuildConfiguration section */
		9BB4C5BB1AE515D400BB091C /* Debug */ = {
			isa = XCBuildConfiguration;
			buildSettings = {
				ALWAYS_SEARCH_USER_PATHS = NO;
				CLANG_CXX_LANGUAGE_STANDARD = "gnu++0x";
				CLANG_CXX_LIBRARY = "libc++";
				CLANG_ENABLE_MODULES = YES;
				CLANG_ENABLE_OBJC_ARC = YES;
				CLANG_WARN_BOOL_CONVERSION = YES;
				CLANG_WARN_CONSTANT_CONVERSION = YES;
				CLANG_WARN_DIRECT_OBJC_ISA_USAGE = YES_ERROR;
				CLANG_WARN_EMPTY_BODY = YES;
				CLANG_WARN_ENUM_CONVERSION = YES;
				CLANG_WARN_INT_CONVERSION = YES;
				CLANG_WARN_OBJC_ROOT_CLASS = YES_ERROR;
				CLANG_WARN_UNREACHABLE_CODE = YES;
				CLANG_WARN__DUPLICATE_METHOD_MATCH = YES;
				CODE_SIGN_IDENTITY = "-";
				COPY_PHASE_STRIP = NO;
				ENABLE_STRICT_OBJC_MSGSEND = YES;
				GCC_C_LANGUAGE_STANDARD = gnu99;
				GCC_DYNAMIC_NO_PIC = NO;
				GCC_OPTIMIZATION_LEVEL = 0;
				GCC_PREPROCESSOR_DEFINITIONS = (
					"DEBUG=1",
					"$(inherited)",
				);
				GCC_SYMBOLS_PRIVATE_EXTERN = NO;
				GCC_WARN_64_TO_32_BIT_CONVERSION = YES;
				GCC_WARN_ABOUT_RETURN_TYPE = YES_ERROR;
				GCC_WARN_UNDECLARED_SELECTOR = YES;
				GCC_WARN_UNINITIALIZED_AUTOS = YES_AGGRESSIVE;
				GCC_WARN_UNUSED_FUNCTION = YES;
				GCC_WARN_UNUSED_VARIABLE = YES;
				MACOSX_DEPLOYMENT_TARGET = 10.9;
				MTL_ENABLE_DEBUG_INFO = YES;
				ONLY_ACTIVE_ARCH = YES;
				SDKROOT = macosx;
			};
			name = Debug;
		};
		9BB4C5BC1AE515D400BB091C /* Release */ = {
			isa = XCBuildConfiguration;
			buildSettings = {
				ALWAYS_SEARCH_USER_PATHS = NO;
				CLANG_CXX_LANGUAGE_STANDARD = "gnu++0x";
				CLANG_CXX_LIBRARY = "libc++";
				CLANG_ENABLE_MODULES = YES;
				CLANG_ENABLE_OBJC_ARC = YES;
				CLANG_WARN_BOOL_CONVERSION = YES;
				CLANG_WARN_CONSTANT_CONVERSION = YES;
				CLANG_WARN_DIRECT_OBJC_ISA_USAGE = YES_ERROR;
				CLANG_WARN_EMPTY_BODY = YES;
				CLANG_WARN_ENUM_CONVERSION = YES;
				CLANG_WARN_INT_CONVERSION = YES;
				CLANG_WARN_OBJC_ROOT_CLASS = YES_ERROR;
				CLANG_WARN_UNREACHABLE_CODE = YES;
				CLANG_WARN__DUPLICATE_METHOD_MATCH = YES;
				CODE_SIGN_IDENTITY = "-";
				COPY_PHASE_STRIP = NO;
				DEBUG_INFORMATION_FORMAT = "dwarf-with-dsym";
				ENABLE_NS_ASSERTIONS = NO;
				ENABLE_STRICT_OBJC_MSGSEND = YES;
				GCC_C_LANGUAGE_STANDARD = gnu99;
				GCC_WARN_64_TO_32_BIT_CONVERSION = YES;
				GCC_WARN_ABOUT_RETURN_TYPE = YES_ERROR;
				GCC_WARN_UNDECLARED_SELECTOR = YES;
				GCC_WARN_UNINITIALIZED_AUTOS = YES_AGGRESSIVE;
				GCC_WARN_UNUSED_FUNCTION = YES;
				GCC_WARN_UNUSED_VARIABLE = YES;
				MACOSX_DEPLOYMENT_TARGET = 10.9;
				MTL_ENABLE_DEBUG_INFO = NO;
				SDKROOT = macosx;
			};
			name = Release;
		};
		9BB4C5BE1AE515D400BB091C /* Debug */ = {
			isa = XCBuildConfiguration;
			buildSettings = {
				ASSETCATALOG_COMPILER_APPICON_NAME = AppIcon;
				COMBINE_HIDPI_IMAGES = YES;
				INFOPLIST_FILE = PlutoProjectCreator/Info.plist;
				LD_RUNPATH_SEARCH_PATHS = "$(inherited) @executable_path/../Frameworks";
				MACOSX_DEPLOYMENT_TARGET = 10.8;
				PRODUCT_NAME = "$(TARGET_NAME)";
			};
			name = Debug;
		};
		9BB4C5BF1AE515D400BB091C /* Release */ = {
			isa = XCBuildConfiguration;
			buildSettings = {
				ASSETCATALOG_COMPILER_APPICON_NAME = AppIcon;
				COMBINE_HIDPI_IMAGES = YES;
				INFOPLIST_FILE = PlutoProjectCreator/Info.plist;
				LD_RUNPATH_SEARCH_PATHS = "$(inherited) @executable_path/../Frameworks";
				MACOSX_DEPLOYMENT_TARGET = 10.8;
				PRODUCT_NAME = "$(TARGET_NAME)";
			};
			name = Release;
		};
		9BB4C5C11AE515D400BB091C /* Debug */ = {
			isa = XCBuildConfiguration;
			buildSettings = {
				BUNDLE_LOADER = "$(TEST_HOST)";
				COMBINE_HIDPI_IMAGES = YES;
				FRAMEWORK_SEARCH_PATHS = (
					"$(DEVELOPER_FRAMEWORKS_DIR)",
					"$(inherited)",
				);
				GCC_PREPROCESSOR_DEFINITIONS = (
					"DEBUG=1",
					"$(inherited)",
				);
				INFOPLIST_FILE = PlutoProjectCreatorTests/Info.plist;
				LD_RUNPATH_SEARCH_PATHS = "$(inherited) @executable_path/../Frameworks @loader_path/../Frameworks";
				PRODUCT_NAME = "$(TARGET_NAME)";
				TEST_HOST = "$(BUILT_PRODUCTS_DIR)/PlutoProjectCreator.app/Contents/MacOS/PlutoProjectCreator";
			};
			name = Debug;
		};
		9BB4C5C21AE515D400BB091C /* Release */ = {
			isa = XCBuildConfiguration;
			buildSettings = {
				BUNDLE_LOADER = "$(TEST_HOST)";
				COMBINE_HIDPI_IMAGES = YES;
				FRAMEWORK_SEARCH_PATHS = (
					"$(DEVELOPER_FRAMEWORKS_DIR)",
					"$(inherited)",
				);
				INFOPLIST_FILE = PlutoProjectCreatorTests/Info.plist;
				LD_RUNPATH_SEARCH_PATHS = "$(inherited) @executable_path/../Frameworks @loader_path/../Frameworks";
				PRODUCT_NAME = "$(TARGET_NAME)";
				TEST_HOST = "$(BUILT_PRODUCTS_DIR)/PlutoProjectCreator.app/Contents/MacOS/PlutoProjectCreator";
			};
			name = Release;
		};
/* End XCBuildConfiguration section */

/* Begin XCConfigurationList section */
		9BB4C59B1AE515D400BB091C /* Build configuration list for PBXProject "PlutoProjectCreator" */ = {
			isa = XCConfigurationList;
			buildConfigurations = (
				9BB4C5BB1AE515D400BB091C /* Debug */,
				9BB4C5BC1AE515D400BB091C /* Release */,
			);
			defaultConfigurationIsVisible = 0;
			defaultConfigurationName = Release;
		};
		9BB4C5BD1AE515D400BB091C /* Build configuration list for PBXNativeTarget "PlutoProjectCreator" */ = {
			isa = XCConfigurationList;
			buildConfigurations = (
				9BB4C5BE1AE515D400BB091C /* Debug */,
				9BB4C5BF1AE515D400BB091C /* Release */,
			);
			defaultConfigurationIsVisible = 0;
			defaultConfigurationName = Release;
		};
		9BB4C5C01AE515D400BB091C /* Build configuration list for PBXNativeTarget "PlutoProjectCreatorTests" */ = {
			isa = XCConfigurationList;
			buildConfigurations = (
				9BB4C5C11AE515D400BB091C /* Debug */,
				9BB4C5C21AE515D400BB091C /* Release */,
			);
			defaultConfigurationIsVisible = 0;
			defaultConfigurationName = Release;
		};
/* End XCConfigurationList section */
	};
	rootObject = 9BB4C5981AE515D400BB091C /* Project object */;
}
